
Microsoft Visual Studio Solution File, Format Version 12.00
# Visual Studio 15
VisualStudioVersion = 15.0.27323.2
MinimumVisualStudioVersion = 10.0.40219.1
Project("{FAE04EC0-301F-11D3-BF4B-00C04F79EFBC}") = "UWP.Tools.Xaml", "UWP.Tools.Xaml\UWP.Tools.Xaml.csproj", "{C87CB31A-35AD-4A71-BCB2-0CCB48F3D676}"
EndProject
Project("{FAE04EC0-301F-11D3-BF4B-00C04F79EFBC}") = "UWP.Tools.Navigation", "UWP.Tools.Navigation\UWP.Tools.Navigation.csproj", "{84F82EE4-213E-45A7-8176-A37625BCF26A}"
EndProject
Project("{9A19103F-16F7-4668-BE54-9A1E7A4F7556}") = "Reflection.Optimization", "..\..\NetStandard\Reflection.Optimization\Reflection.Optimization\Reflection.Optimization.csproj", "{05F9D9A6-FC1A-4053-8C52-F0F6CA61CD50}"
EndProject
Project("{9A19103F-16F7-4668-BE54-9A1E7A4F7556}") = "DependencyInjectionResolver", "..\..\NetStandard\DependencyInjectionResolver\DependencyInjectionResolver\DependencyInjectionResolver.csproj", "{A7D76965-D9A3-499B-865F-99A308E22BF5}"
EndProject
Global
	GlobalSection(SolutionConfigurationPlatforms) = preSolution
		Debug|Any CPU = Debug|Any CPU
		Debug|ARM = Debug|ARM
		Debug|x64 = Debug|x64
		Debug|x86 = Debug|x86
		Release|Any CPU = Release|Any CPU
		Release|ARM = Release|ARM
		Release|x64 = Release|x64
		Release|x86 = Release|x86
	EndGlobalSection
	GlobalSection(ProjectConfigurationPlatforms) = postSolution
		{C87CB31A-35AD-4A71-BCB2-0CCB48F3D676}.Debug|Any CPU.ActiveCfg = Debug|Any CPU
		{C87CB31A-35AD-4A71-BCB2-0CCB48F3D676}.Debug|Any CPU.Build.0 = Debug|Any CPU
		{C87CB31A-35AD-4A71-BCB2-0CCB48F3D676}.Debug|ARM.ActiveCfg = Debug|ARM
		{C87CB31A-35AD-4A71-BCB2-0CCB48F3D676}.Debug|ARM.Build.0 = Debug|ARM
		{C87CB31A-35AD-4A71-BCB2-0CCB48F3D676}.Debug|x64.ActiveCfg = Debug|x64
		{C87CB31A-35AD-4A71-BCB2-0CCB48F3D676}.Debug|x64.Build.0 = Debug|x64
		{C87CB31A-35AD-4A71-BCB2-0CCB48F3D676}.Debug|x86.ActiveCfg = Debug|x86
		{C87CB31A-35AD-4A71-BCB2-0CCB48F3D676}.Debug|x86.Build.0 = Debug|x86
		{C87CB31A-35AD-4A71-BCB2-0CCB48F3D676}.Release|Any CPU.ActiveCfg = Release|Any CPU
		{C87CB31A-35AD-4A71-BCB2-0CCB48F3D676}.Release|Any CPU.Build.0 = Release|Any CPU
		{C87CB31A-35AD-4A71-BCB2-0CCB48F3D676}.Release|ARM.ActiveCfg = Release|ARM
		{C87CB31A-35AD-4A71-BCB2-0CCB48F3D676}.Release|ARM.Build.0 = Release|ARM
		{C87CB31A-35AD-4A71-BCB2-0CCB48F3D676}.Release|x64.ActiveCfg = Release|x64
		{C87CB31A-35AD-4A71-BCB2-0CCB48F3D676}.Release|x64.Build.0 = Release|x64
		{C87CB31A-35AD-4A71-BCB2-0CCB48F3D676}.Release|x86.ActiveCfg = Release|x86
		{C87CB31A-35AD-4A71-BCB2-0CCB48F3D676}.Release|x86.Build.0 = Release|x86
		{84F82EE4-213E-45A7-8176-A37625BCF26A}.Debug|Any CPU.ActiveCfg = Debug|Any CPU
		{84F82EE4-213E-45A7-8176-A37625BCF26A}.Debug|Any CPU.Build.0 = Debug|Any CPU
		{84F82EE4-213E-45A7-8176-A37625BCF26A}.Debug|ARM.ActiveCfg = Debug|ARM
		{84F82EE4-213E-45A7-8176-A37625BCF26A}.Debug|ARM.Build.0 = Debug|ARM
		{84F82EE4-213E-45A7-8176-A37625BCF26A}.Debug|x64.ActiveCfg = Debug|x64
		{84F82EE4-213E-45A7-8176-A37625BCF26A}.Debug|x64.Build.0 = Debug|x64
		{84F82EE4-213E-45A7-8176-A37625BCF26A}.Debug|x86.ActiveCfg = Debug|x86
		{84F82EE4-213E-45A7-8176-A37625BCF26A}.Debug|x86.Build.0 = Debug|x86
		{84F82EE4-213E-45A7-8176-A37625BCF26A}.Release|Any CPU.ActiveCfg = Release|Any CPU
		{84F82EE4-213E-45A7-8176-A37625BCF26A}.Release|Any CPU.Build.0 = Release|Any CPU
		{84F82EE4-213E-45A7-8176-A37625BCF26A}.Release|ARM.ActiveCfg = Release|ARM
		{84F82EE4-213E-45A7-8176-A37625BCF26A}.Release|ARM.Build.0 = Release|ARM
		{84F82EE4-213E-45A7-8176-A37625BCF26A}.Release|x64.ActiveCfg = Release|x64
		{84F82EE4-213E-45A7-8176-A37625BCF26A}.Release|x64.Build.0 = Release|x64
		{84F82EE4-213E-45A7-8176-A37625BCF26A}.Release|x86.ActiveCfg = Release|x86
		{84F82EE4-213E-45A7-8176-A37625BCF26A}.Release|x86.Build.0 = Release|x86
		{05F9D9A6-FC1A-4053-8C52-F0F6CA61CD50}.Debug|Any CPU.ActiveCfg = Debug|Any CPU
		{05F9D9A6-FC1A-4053-8C52-F0F6CA61CD50}.Debug|Any CPU.Build.0 = Debug|Any CPU
		{05F9D9A6-FC1A-4053-8C52-F0F6CA61CD50}.Debug|ARM.ActiveCfg = Debug|Any CPU
		{05F9D9A6-FC1A-4053-8C52-F0F6CA61CD50}.Debug|ARM.Build.0 = Debug|Any CPU
		{05F9D9A6-FC1A-4053-8C52-F0F6CA61CD50}.Debug|x64.ActiveCfg = Debug|Any CPU
		{05F9D9A6-FC1A-4053-8C52-F0F6CA61CD50}.Debug|x64.Build.0 = Debug|Any CPU
		{05F9D9A6-FC1A-4053-8C52-F0F6CA61CD50}.Debug|x86.ActiveCfg = Debug|Any CPU
		{05F9D9A6-FC1A-4053-8C52-F0F6CA61CD50}.Debug|x86.Build.0 = Debug|Any CPU
		{05F9D9A6-FC1A-4053-8C52-F0F6CA61CD50}.Release|Any CPU.ActiveCfg = Release|Any CPU
		{05F9D9A6-FC1A-4053-8C52-F0F6CA61CD50}.Release|Any CPU.Build.0 = Release|Any CPU
		{05F9D9A6-FC1A-4053-8C52-F0F6CA61CD50}.Release|ARM.ActiveCfg = Release|Any CPU
		{05F9D9A6-FC1A-4053-8C52-F0F6CA61CD50}.Release|ARM.Build.0 = Release|Any CPU
		{05F9D9A6-FC1A-4053-8C52-F0F6CA61CD50}.Release|x64.ActiveCfg = Release|Any CPU
		{05F9D9A6-FC1A-4053-8C52-F0F6CA61CD50}.Release|x64.Build.0 = Release|Any CPU
		{05F9D9A6-FC1A-4053-8C52-F0F6CA61CD50}.Release|x86.ActiveCfg = Release|Any CPU
		{05F9D9A6-FC1A-4053-8C52-F0F6CA61CD50}.Release|x86.Build.0 = Release|Any CPU
		{A7D76965-D9A3-499B-865F-99A308E22BF5}.Debug|Any CPU.ActiveCfg = Debug|Any CPU
		{A7D76965-D9A3-499B-865F-99A308E22BF5}.Debug|Any CPU.Build.0 = Debug|Any CPU
		{A7D76965-D9A3-499B-865F-99A308E22BF5}.Debug|ARM.ActiveCfg = Debug|Any CPU
		{A7D76965-D9A3-499B-865F-99A308E22BF5}.Debug|ARM.Build.0 = Debug|Any CPU
		{A7D76965-D9A3-499B-865F-99A308E22BF5}.Debug|x64.ActiveCfg = Debug|Any CPU
		{A7D76965-D9A3-499B-865F-99A308E22BF5}.Debug|x64.Build.0 = Debug|Any CPU
		{A7D76965-D9A3-499B-865F-99A308E22BF5}.Debug|x86.ActiveCfg = Debug|Any CPU
		{A7D76965-D9A3-499B-865F-99A308E22BF5}.Debug|x86.Build.0 = Debug|Any CPU
		{A7D76965-D9A3-499B-865F-99A308E22BF5}.Release|Any CPU.ActiveCfg = Release|Any CPU
		{A7D76965-D9A3-499B-865F-99A308E22BF5}.Release|Any CPU.Build.0 = Release|Any CPU
		{A7D76965-D9A3-499B-865F-99A308E22BF5}.Release|ARM.ActiveCfg = Release|Any CPU
		{A7D76965-D9A3-499B-865F-99A308E22BF5}.Release|ARM.Build.0 = Release|Any CPU
		{A7D76965-D9A3-499B-865F-99A308E22BF5}.Release|x64.ActiveCfg = Release|Any CPU
		{A7D76965-D9A3-499B-865F-99A308E22BF5}.Release|x64.Build.0 = Release|Any CPU
		{A7D76965-D9A3-499B-865F-99A308E22BF5}.Release|x86.ActiveCfg = Release|Any CPU
		{A7D76965-D9A3-499B-865F-99A308E22BF5}.Release|x86.Build.0 = Release|Any CPU
	EndGlobalSection
	GlobalSection(SolutionProperties) = preSolution
		HideSolutionNode = FALSE
	EndGlobalSection
	GlobalSection(ExtensibilityGlobals) = postSolution
		SolutionGuid = {5DB60FA9-26A0-42FB-996C-CADB6981D016}
	EndGlobalSection
EndGlobal
